
Microsoft Visual Studio Solution File, Format Version 12.00
# Visual Studio Version 16
VisualStudioVersion = 16.0.30717.126
MinimumVisualStudioVersion = 10.0.40219.1
Project("{FAE04EC0-301F-11D3-BF4B-00C04F79EFBC}") = "WorkSpace", "WorkSpace\WorkSpace.csproj", "{F327C331-FAD4-4694-B867-9D8FB80C333D}"
EndProject
Project("{FAE04EC0-301F-11D3-BF4B-00C04F79EFBC}") = "Entities", "Entities\Entities.csproj", "{BCC6B1A4-90DD-4030-A7AC-3ECAB017DC1C}"
EndProject
Project("{FAE04EC0-301F-11D3-BF4B-00C04F79EFBC}") = "Business", "Business\Business.csproj", "{ACE2DA85-40CF-4150-B253-0A8B92493D58}"
EndProject
Global
	GlobalSection(SolutionConfigurationPlatforms) = preSolution
		Debug|Any CPU = Debug|Any CPU
		Release|Any CPU = Release|Any CPU
	EndGlobalSection
	GlobalSection(ProjectConfigurationPlatforms) = postSolution
		{F327C331-FAD4-4694-B867-9D8FB80C333D}.Debug|Any CPU.ActiveCfg = Debug|Any CPU
		{F327C331-FAD4-4694-B867-9D8FB80C333D}.Debug|Any CPU.Build.0 = Debug|Any CPU
		{F327C331-FAD4-4694-B867-9D8FB80C333D}.Release|Any CPU.ActiveCfg = Release|Any CPU
		{F327C331-FAD4-4694-B867-9D8FB80C333D}.Release|Any CPU.Build.0 = Release|Any CPU
		{BCC6B1A4-90DD-4030-A7AC-3ECAB017DC1C}.Debug|Any CPU.ActiveCfg = Debug|Any CPU
		{BCC6B1A4-90DD-4030-A7AC-3ECAB017DC1C}.Debug|Any CPU.Build.0 = Debug|Any CPU
		{BCC6B1A4-90DD-4030-A7AC-3ECAB017DC1C}.Release|Any CPU.ActiveCfg = Release|Any CPU
		{BCC6B1A4-90DD-4030-A7AC-3ECAB017DC1C}.Release|Any CPU.Build.0 = Release|Any CPU
		{ACE2DA85-40CF-4150-B253-0A8B92493D58}.Debug|Any CPU.ActiveCfg = Debug|Any CPU
		{ACE2DA85-40CF-4150-B253-0A8B92493D58}.Debug|Any CPU.Build.0 = Debug|Any CPU
		{ACE2DA85-40CF-4150-B253-0A8B92493D58}.Release|Any CPU.ActiveCfg = Release|Any CPU
		{ACE2DA85-40CF-4150-B253-0A8B92493D58}.Release|Any CPU.Build.0 = Release|Any CPU
	EndGlobalSection
	GlobalSection(SolutionProperties) = preSolution
		HideSolutionNode = FALSE
	EndGlobalSection
	GlobalSection(ExtensibilityGlobals) = postSolution
		SolutionGuid = {2EC31903-739A-4E6D-AF7E-9DF2C57AFE88}
	EndGlobalSection
EndGlobal
